
Microsoft Visual Studio Solution File, Format Version 12.00
# Visual Studio 2013
VisualStudioVersion = 12.0.31101.0
MinimumVisualStudioVersion = 10.0.40219.1
Project("{FAE04EC0-301F-11D3-BF4B-00C04F79EFBC}") = "AccessComPort", "AccessComPort\AccessComPort.csproj", "{083CAB0D-53E4-424F-A825-224F2B486104}"
EndProject
Global
	GlobalSection(SolutionConfigurationPlatforms) = preSolution
		Debug|Any CPU = Debug|Any CPU
		Release|Any CPU = Release|Any CPU
	EndGlobalSection
	GlobalSection(ProjectConfigurationPlatforms) = postSolution
		{083CAB0D-53E4-424F-A825-224F2B486104}.Debug|Any CPU.ActiveCfg = Debug|Any CPU
		{083CAB0D-53E4-424F-A825-224F2B486104}.Debug|Any CPU.Build.0 = Debug|Any CPU
		{083CAB0D-53E4-424F-A825-224F2B486104}.Release|Any CPU.ActiveCfg = Release|Any CPU
		{083CAB0D-53E4-424F-A825-224F2B486104}.Release|Any CPU.Build.0 = Release|Any CPU
	EndGlobalSection
	GlobalSection(SolutionProperties) = preSolution
		HideSolutionNode = FALSE
	EndGlobalSection
EndGlobal
